{
  "name": "team-carebears",
  "lockfileVersion": 3,
  "requires": true,
  "packages": {
    "": {
      "dependencies": {
        "@hugeicons/core-free-icons": "^4.1.2",
        "@hugeicons/react": "^1.1.6"
      }
    },
    "node_modules/@hugeicons/core-free-icons": {
      "version": "4.1.2",
      "resolved": "https://registry.npmjs.org/@hugeicons/core-free-icons/-/core-free-icons-4.1.2.tgz",
      "integrity": "sha512-7PfGYaUyExpAMA8ZC7gfXykttrBDIUutU/yQHIBgz0L61ENSM73mqg/9hCTZemiEUVtj2raRRjhoJMGdAFwetQ==",
      "license": "MIT"
    },
    "node_modules/@hugeicons/react": {
      "version": "1.1.6",
      "resolved": "https://registry.npmjs.org/@hugeicons/react/-/react-1.1.6.tgz",
      "integrity": "sha512-c2LhXJMAW5wN1pC/smBXG0YPqUON6ceR/ZdXHCjEI9KvB+hjtqYjmzIxok5hAQOeXGz0WtORgCQMzqewFKAZwg==",
      "license": "MIT",
      "peerDependencies": {
        "react": ">=16.0.0"
      }
    },
    "node_modules/react": {
      "version": "19.2.6",
      "resolved": "https://registry.npmjs.org/react/-/react-19.2.6.tgz",
      "integrity": "sha512-sfWGGfavi0xr8Pg0sVsyHMAOziVYKgPLNrS7ig+ivMNb3wbCBw3KxtflsGBAwD3gYQlE/AEZsTLgToRrSCjb0Q==",
      "license": "MIT",
      "peer": true,
      "engines": {
        "node": ">=0.10.0"
      }
    }
  }
}
